
Microsoft Visual Studio Solution File, Format Version 12.00
# Visual Studio Version 17
VisualStudioVersion = 17.8.34309.116
MinimumVisualStudioVersion = 10.0.40219.1
Project("{FAE04EC0-301F-11D3-BF4B-00C04F79EFBC}") = "MyAkademi_DesignPattern_ChainOfResponbility", "MyAkademi_DesignPattern_ChainOfResponbility\MyAkademi_DesignPattern_ChainOfResponbility.csproj", "{63320171-3594-4DE4-83F5-07977B8A4901}"
EndProject
Global
	GlobalSection(SolutionConfigurationPlatforms) = preSolution
		Debug|Any CPU = Debug|Any CPU
		Release|Any CPU = Release|Any CPU
	EndGlobalSection
	GlobalSection(ProjectConfigurationPlatforms) = postSolution
		{63320171-3594-4DE4-83F5-07977B8A4901}.Debug|Any CPU.ActiveCfg = Debug|Any CPU
		{63320171-3594-4DE4-83F5-07977B8A4901}.Debug|Any CPU.Build.0 = Debug|Any CPU
		{63320171-3594-4DE4-83F5-07977B8A4901}.Release|Any CPU.ActiveCfg = Release|Any CPU
		{63320171-3594-4DE4-83F5-07977B8A4901}.Release|Any CPU.Build.0 = Release|Any CPU
	EndGlobalSection
	GlobalSection(SolutionProperties) = preSolution
		HideSolutionNode = FALSE
	EndGlobalSection
	GlobalSection(ExtensibilityGlobals) = postSolution
		SolutionGuid = {6624F491-F086-40F6-A7BC-B3E57024F864}
	EndGlobalSection
EndGlobal
